
Microsoft Visual Studio Solution File, Format Version 12.00
# Visual Studio Version 17
VisualStudioVersion = 17.14.36623.8 d17.14
MinimumVisualStudioVersion = 10.0.40219.1
Project("{8BC9CEB8-8B4A-11D0-8D11-00A0C91BC942}") = "LeetCode_solutions", "LeetCode_solutions\LeetCode_solutions.vcxproj", "{D557D559-8A07-4DBF-9BB7-C5CC853CE377}"
EndProject
Global
	GlobalSection(SolutionConfigurationPlatforms) = preSolution
		Debug|x64 = Debug|x64
		Debug|x86 = Debug|x86
		Release|x64 = Release|x64
		Release|x86 = Release|x86
	EndGlobalSection
	GlobalSection(ProjectConfigurationPlatforms) = postSolution
		{D557D559-8A07-4DBF-9BB7-C5CC853CE377}.Debug|x64.ActiveCfg = Debug|x64
		{D557D559-8A07-4DBF-9BB7-C5CC853CE377}.Debug|x64.Build.0 = Debug|x64
		{D557D559-8A07-4DBF-9BB7-C5CC853CE377}.Debug|x86.ActiveCfg = Debug|Win32
		{D557D559-8A07-4DBF-9BB7-C5CC853CE377}.Debug|x86.Build.0 = Debug|Win32
		{D557D559-8A07-4DBF-9BB7-C5CC853CE377}.Release|x64.ActiveCfg = Release|x64
		{D557D559-8A07-4DBF-9BB7-C5CC853CE377}.Release|x64.Build.0 = Release|x64
		{D557D559-8A07-4DBF-9BB7-C5CC853CE377}.Release|x86.ActiveCfg = Release|Win32
		{D557D559-8A07-4DBF-9BB7-C5CC853CE377}.Release|x86.Build.0 = Release|Win32
	EndGlobalSection
	GlobalSection(SolutionProperties) = preSolution
		HideSolutionNode = FALSE
	EndGlobalSection
	GlobalSection(ExtensibilityGlobals) = postSolution
		SolutionGuid = {07E771BC-8333-4A03-8B05-8175D9958DC3}
	EndGlobalSection
EndGlobal
